
Microsoft Visual Studio Solution File, Format Version 10.00
# Visual C++ Express 2008
Project("{8BC9CEB8-8B4A-11D0-8D11-00A0C91BC942}") = "ccextractor", "ccextractor.vcproj", "{0F0063C4-BCBC-4379-A6D5-84A5669C940A}"
	ProjectSection(ProjectDependencies) = postProject
		{6C7A734D-074D-4AC3-B2DE-3DC829428224} = {6C7A734D-074D-4AC3-B2DE-3DC829428224}
		{1A303DEC-794B-46EC-BE25-4B1D30C7CD65} = {1A303DEC-794B-46EC-BE25-4B1D30C7CD65}
	EndProjectSection
EndProject
Project("{8BC9CEB8-8B4A-11D0-8D11-00A0C91BC942}") = "libpng", "..\libpng\projects\visualc9\libpng.vcproj", "{1A303DEC-794B-46EC-BE25-4B1D30C7CD65}"
	ProjectSection(ProjectDependencies) = postProject
		{6C7A734D-074D-4AC3-B2DE-3DC829428224} = {6C7A734D-074D-4AC3-B2DE-3DC829428224}
	EndProjectSection
EndProject
Project("{8BC9CEB8-8B4A-11D0-8D11-00A0C91BC942}") = "zlib", "..\zlib\zlib.vcproj", "{6C7A734D-074D-4AC3-B2DE-3DC829428224}"
EndProject
Global
	GlobalSection(SolutionConfigurationPlatforms) = preSolution
		Debug|Win32 = Debug|Win32
		DLL ASM Debug|Win32 = DLL ASM Debug|Win32
		DLL ASM Release|Win32 = DLL ASM Release|Win32
		DLL Debug|Win32 = DLL Debug|Win32
		DLL Release|Win32 = DLL Release|Win32
		DLL VB|Win32 = DLL VB|Win32
		LIB ASM Debug|Win32 = LIB ASM Debug|Win32
		LIB ASM Release|Win32 = LIB ASM Release|Win32
		LIB Debug|Win32 = LIB Debug|Win32
		LIB Release|Win32 = LIB Release|Win32
		Release|Win32 = Release|Win32
	EndGlobalSection
	GlobalSection(ProjectConfigurationPlatforms) = postSolution
		{0F0063C4-BCBC-4379-A6D5-84A5669C940A}.Debug|Win32.ActiveCfg = Debug|Win32
		{0F0063C4-BCBC-4379-A6D5-84A5669C940A}.Debug|Win32.Build.0 = Debug|Win32
		{0F0063C4-BCBC-4379-A6D5-84A5669C940A}.DLL ASM Debug|Win32.ActiveCfg = Debug|Win32
		{0F0063C4-BCBC-4379-A6D5-84A5669C940A}.DLL ASM Debug|Win32.Build.0 = Debug|Win32
		{0F0063C4-BCBC-4379-A6D5-84A5669C940A}.DLL ASM Release|Win32.ActiveCfg = Release|Win32
		{0F0063C4-BCBC-4379-A6D5-84A5669C940A}.DLL ASM Release|Win32.Build.0 = Release|Win32
		{0F0063C4-BCBC-4379-A6D5-84A5669C940A}.DLL Debug|Win32.ActiveCfg = Debug|Win32
		{0F0063C4-BCBC-4379-A6D5-84A5669C940A}.DLL Debug|Win32.Build.0 = Debug|Win32
		{0F0063C4-BCBC-4379-A6D5-84A5669C940A}.DLL Release|Win32.ActiveCfg = Release|Win32
		{0F0063C4-BCBC-4379-A6D5-84A5669C940A}.DLL Release|Win32.Build.0 = Release|Win32
		{0F0063C4-BCBC-4379-A6D5-84A5669C940A}.DLL VB|Win32.ActiveCfg = Debug|Win32
		{0F0063C4-BCBC-4379-A6D5-84A5669C940A}.DLL VB|Win32.Build.0 = Debug|Win32
		{0F0063C4-BCBC-4379-A6D5-84A5669C940A}.LIB ASM Debug|Win32.ActiveCfg = Debug|Win32
		{0F0063C4-BCBC-4379-A6D5-84A5669C940A}.LIB ASM Debug|Win32.Build.0 = Debug|Win32
		{0F0063C4-BCBC-4379-A6D5-84A5669C940A}.LIB ASM Release|Win32.ActiveCfg = Release|Win32
		{0F0063C4-BCBC-4379-A6D5-84A5669C940A}.LIB ASM Release|Win32.Build.0 = Release|Win32
		{0F0063C4-BCBC-4379-A6D5-84A5669C940A}.LIB Debug|Win32.ActiveCfg = Debug|Win32
		{0F0063C4-BCBC-4379-A6D5-84A5669C940A}.LIB Debug|Win32.Build.0 = Debug|Win32
		{0F0063C4-BCBC-4379-A6D5-84A5669C940A}.LIB Release|Win32.ActiveCfg = Release|Win32
		{0F0063C4-BCBC-4379-A6D5-84A5669C940A}.LIB Release|Win32.Build.0 = Release|Win32
		{0F0063C4-BCBC-4379-A6D5-84A5669C940A}.Release|Win32.ActiveCfg = Release|Win32
		{0F0063C4-BCBC-4379-A6D5-84A5669C940A}.Release|Win32.Build.0 = Release|Win32
		{1A303DEC-794B-46EC-BE25-4B1D30C7CD65}.Debug|Win32.ActiveCfg = LIB ASM Debug|Win32
		{1A303DEC-794B-46EC-BE25-4B1D30C7CD65}.Debug|Win32.Build.0 = LIB ASM Debug|Win32
		{1A303DEC-794B-46EC-BE25-4B1D30C7CD65}.DLL ASM Debug|Win32.ActiveCfg = DLL ASM Debug|Win32
		{1A303DEC-794B-46EC-BE25-4B1D30C7CD65}.DLL ASM Debug|Win32.Build.0 = DLL ASM Debug|Win32
		{1A303DEC-794B-46EC-BE25-4B1D30C7CD65}.DLL ASM Release|Win32.ActiveCfg = DLL ASM Release|Win32
		{1A303DEC-794B-46EC-BE25-4B1D30C7CD65}.DLL ASM Release|Win32.Build.0 = DLL ASM Release|Win32
		{1A303DEC-794B-46EC-BE25-4B1D30C7CD65}.DLL Debug|Win32.ActiveCfg = DLL Debug|Win32
		{1A303DEC-794B-46EC-BE25-4B1D30C7CD65}.DLL Debug|Win32.Build.0 = DLL Debug|Win32
		{1A303DEC-794B-46EC-BE25-4B1D30C7CD65}.DLL Release|Win32.ActiveCfg = DLL Release|Win32
		{1A303DEC-794B-46EC-BE25-4B1D30C7CD65}.DLL Release|Win32.Build.0 = DLL Release|Win32
		{1A303DEC-794B-46EC-BE25-4B1D30C7CD65}.DLL VB|Win32.ActiveCfg = DLL VB|Win32
		{1A303DEC-794B-46EC-BE25-4B1D30C7CD65}.DLL VB|Win32.Build.0 = DLL VB|Win32
		{1A303DEC-794B-46EC-BE25-4B1D30C7CD65}.LIB ASM Debug|Win32.ActiveCfg = LIB ASM Debug|Win32
		{1A303DEC-794B-46EC-BE25-4B1D30C7CD65}.LIB ASM Debug|Win32.Build.0 = LIB ASM Debug|Win32
		{1A303DEC-794B-46EC-BE25-4B1D30C7CD65}.LIB ASM Release|Win32.ActiveCfg = LIB ASM Release|Win32
		{1A303DEC-794B-46EC-BE25-4B1D30C7CD65}.LIB ASM Release|Win32.Build.0 = LIB ASM Release|Win32
		{1A303DEC-794B-46EC-BE25-4B1D30C7CD65}.LIB Debug|Win32.ActiveCfg = LIB Debug|Win32
		{1A303DEC-794B-46EC-BE25-4B1D30C7CD65}.LIB Debug|Win32.Build.0 = LIB Debug|Win32
		{1A303DEC-794B-46EC-BE25-4B1D30C7CD65}.LIB Release|Win32.ActiveCfg = LIB Release|Win32
		{1A303DEC-794B-46EC-BE25-4B1D30C7CD65}.LIB Release|Win32.Build.0 = LIB Release|Win32
		{1A303DEC-794B-46EC-BE25-4B1D30C7CD65}.Release|Win32.ActiveCfg = LIB ASM Release|Win32
		{1A303DEC-794B-46EC-BE25-4B1D30C7CD65}.Release|Win32.Build.0 = LIB ASM Release|Win32
		{6C7A734D-074D-4AC3-B2DE-3DC829428224}.Debug|Win32.ActiveCfg = Debug|Win32
		{6C7A734D-074D-4AC3-B2DE-3DC829428224}.Debug|Win32.Build.0 = Debug|Win32
		{6C7A734D-074D-4AC3-B2DE-3DC829428224}.DLL ASM Debug|Win32.ActiveCfg = Debug|Win32
		{6C7A734D-074D-4AC3-B2DE-3DC829428224}.DLL ASM Debug|Win32.Build.0 = Debug|Win32
		{6C7A734D-074D-4AC3-B2DE-3DC829428224}.DLL ASM Release|Win32.ActiveCfg = Release|Win32
		{6C7A734D-074D-4AC3-B2DE-3DC829428224}.DLL ASM Release|Win32.Build.0 = Release|Win32
		{6C7A734D-074D-4AC3-B2DE-3DC829428224}.DLL Debug|Win32.ActiveCfg = Debug|Win32
		{6C7A734D-074D-4AC3-B2DE-3DC829428224}.DLL Debug|Win32.Build.0 = Debug|Win32
		{6C7A734D-074D-4AC3-B2DE-3DC829428224}.DLL Release|Win32.ActiveCfg = Release|Win32
		{6C7A734D-074D-4AC3-B2DE-3DC829428224}.DLL Release|Win32.Build.0 = Release|Win32
		{6C7A734D-074D-4AC3-B2DE-3DC829428224}.DLL VB|Win32.ActiveCfg = Debug|Win32
		{6C7A734D-074D-4AC3-B2DE-3DC829428224}.DLL VB|Win32.Build.0 = Debug|Win32
		{6C7A734D-074D-4AC3-B2DE-3DC829428224}.LIB ASM Debug|Win32.ActiveCfg = Debug|Win32
		{6C7A734D-074D-4AC3-B2DE-3DC829428224}.LIB ASM Debug|Win32.Build.0 = Debug|Win32
		{6C7A734D-074D-4AC3-B2DE-3DC829428224}.LIB ASM Release|Win32.ActiveCfg = Release|Win32
		{6C7A734D-074D-4AC3-B2DE-3DC829428224}.LIB ASM Release|Win32.Build.0 = Release|Win32
		{6C7A734D-074D-4AC3-B2DE-3DC829428224}.LIB Debug|Win32.ActiveCfg = Debug|Win32
		{6C7A734D-074D-4AC3-B2DE-3DC829428224}.LIB Debug|Win32.Build.0 = Debug|Win32
		{6C7A734D-074D-4AC3-B2DE-3DC829428224}.LIB Release|Win32.ActiveCfg = Release|Win32
		{6C7A734D-074D-4AC3-B2DE-3DC829428224}.LIB Release|Win32.Build.0 = Release|Win32
		{6C7A734D-074D-4AC3-B2DE-3DC829428224}.Release|Win32.ActiveCfg = Release|Win32
		{6C7A734D-074D-4AC3-B2DE-3DC829428224}.Release|Win32.Build.0 = Release|Win32
	EndGlobalSection
	GlobalSection(SolutionProperties) = preSolution
		HideSolutionNode = FALSE
	EndGlobalSection
EndGlobal
